// !$*UTF8*$!
{
	archiveVersion = 1;
	classes = {
	};
	objectVersion = 56;
	objects = {

/* Begin PBXBuildFile section */
		ED2117262A9B64250059C02C /* SettingsController.m in Sources */ = {isa = PBXBuildFile; fileRef = ED2117242A9B64250059C02C /* SettingsController.m */; };
		ED2117272A9B64250059C02C /* SettingsController.xib in Resources */ = {isa = PBXBuildFile; fileRef = ED2117252A9B64250059C02C /* SettingsController.xib */; };
		ED3156E22A861FB100D9ADB3 /* AppDelegate.m in Sources */ = {isa = PBXBuildFile; fileRef = ED3156E12A861FB100D9ADB3 /* AppDelegate.m */; };
		ED3156E42A861FB200D9ADB3 /* Assets.xcassets in Resources */ = {isa = PBXBuildFile; fileRef = ED3156E32A861FB200D9ADB3 /* Assets.xcassets */; };
		ED3156E72A861FB200D9ADB3 /* MainMenu.xib in Resources */ = {isa = PBXBuildFile; fileRef = ED3156E52A861FB200D9ADB3 /* MainMenu.xib */; };
		ED3156E92A861FB200D9ADB3 /* main.m in Sources */ = {isa = PBXBuildFile; fileRef = ED3156E82A861FB200D9ADB3 /* main.m */; };
		ED403C7D2A8812B700E8CDDB /* app.m in Sources */ = {isa = PBXBuildFile; fileRef = ED403C7C2A8812B700E8CDDB /* app.m */; };
		ED6D36B32A86207E0016D4FA /* Contact.m in Sources */ = {isa = PBXBuildFile; fileRef = ED6D36B22A86207E0016D4FA /* Contact.m */; };
		ED6D36B62A8623830016D4FA /* OutlineViewController.m in Sources */ = {isa = PBXBuildFile; fileRef = ED6D36B52A8623830016D4FA /* OutlineViewController.m */; };
		ED6D36B92A862D340016D4FA /* xmpp.c in Sources */ = {isa = PBXBuildFile; fileRef = ED6D36B82A862D340016D4FA /* xmpp.c */; };
		ED7EEE022A8D34C6007EECC7 /* otr.c in Sources */ = {isa = PBXBuildFile; fileRef = ED7EEE012A8D34C6007EECC7 /* otr.c */; };
		ED99C5AD2B45E85B00EB0045 /* LogWindowController.m in Sources */ = {isa = PBXBuildFile; fileRef = ED99C5AB2B45E85B00EB0045 /* LogWindowController.m */; };
		ED99C5AE2B45E85B00EB0045 /* LogWindowController.xib in Resources */ = {isa = PBXBuildFile; fileRef = ED99C5AC2B45E85B00EB0045 /* LogWindowController.xib */; };
		EDC4B80B2A88D8260076A0F2 /* ConversationWindowController.m in Sources */ = {isa = PBXBuildFile; fileRef = EDC4B8092A88D8260076A0F2 /* ConversationWindowController.m */; };
		EDC4B80E2A89067A0076A0F2 /* ConversationWindowController.xib in Resources */ = {isa = PBXBuildFile; fileRef = EDC4B80D2A89067A0076A0F2 /* ConversationWindowController.xib */; };
/* End PBXBuildFile section */

/* Begin PBXFileReference section */
		ED2117232A9B64250059C02C /* SettingsController.h */ = {isa = PBXFileReference; lastKnownFileType = sourcecode.c.h; path = SettingsController.h; sourceTree = "<group>"; };
		ED2117242A9B64250059C02C /* SettingsController.m */ = {isa = PBXFileReference; lastKnownFileType = sourcecode.c.objc; path = SettingsController.m; sourceTree = "<group>"; };
		ED2117252A9B64250059C02C /* SettingsController.xib */ = {isa = PBXFileReference; lastKnownFileType = file.xib; path = SettingsController.xib; sourceTree = "<group>"; };
		ED3156DD2A861FB100D9ADB3 /* IM4.app */ = {isa = PBXFileReference; explicitFileType = wrapper.application; includeInIndex = 0; path = IM4.app; sourceTree = BUILT_PRODUCTS_DIR; };
		ED3156E02A861FB100D9ADB3 /* AppDelegate.h */ = {isa = PBXFileReference; lastKnownFileType = sourcecode.c.h; path = AppDelegate.h; sourceTree = "<group>"; };
		ED3156E12A861FB100D9ADB3 /* AppDelegate.m */ = {isa = PBXFileReference; lastKnownFileType = sourcecode.c.objc; path = AppDelegate.m; sourceTree = "<group>"; };
		ED3156E32A861FB200D9ADB3 /* Assets.xcassets */ = {isa = PBXFileReference; lastKnownFileType = folder.assetcatalog; path = Assets.xcassets; sourceTree = "<group>"; };
		ED3156E62A861FB200D9ADB3 /* Base */ = {isa = PBXFileReference; lastKnownFileType = file.xib; name = Base; path = Base.lproj/MainMenu.xib; sourceTree = "<group>"; };
		ED3156E82A861FB200D9ADB3 /* main.m */ = {isa = PBXFileReference; lastKnownFileType = sourcecode.c.objc; path = main.m; sourceTree = "<group>"; };
		ED3156EA2A861FB200D9ADB3 /* IM4.entitlements */ = {isa = PBXFileReference; lastKnownFileType = text.plist.entitlements; path = IM4.entitlements; sourceTree = "<group>"; };
		ED403C7C2A8812B700E8CDDB /* app.m */ = {isa = PBXFileReference; lastKnownFileType = sourcecode.c.objc; path = app.m; sourceTree = "<group>"; };
		ED403C7E2A8812C400E8CDDB /* app.h */ = {isa = PBXFileReference; lastKnownFileType = sourcecode.c.h; path = app.h; sourceTree = "<group>"; };
		ED6D36B12A86207E0016D4FA /* Contact.h */ = {isa = PBXFileReference; lastKnownFileType = sourcecode.c.h; path = Contact.h; sourceTree = "<group>"; };
		ED6D36B22A86207E0016D4FA /* Contact.m */ = {isa = PBXFileReference; lastKnownFileType = sourcecode.c.objc; path = Contact.m; sourceTree = "<group>"; };
		ED6D36B42A8623830016D4FA /* OutlineViewController.h */ = {isa = PBXFileReference; lastKnownFileType = sourcecode.c.h; path = OutlineViewController.h; sourceTree = "<group>"; };
		ED6D36B52A8623830016D4FA /* OutlineViewController.m */ = {isa = PBXFileReference; lastKnownFileType = sourcecode.c.objc; path = OutlineViewController.m; sourceTree = "<group>"; };
		ED6D36B72A862D340016D4FA /* xmpp.h */ = {isa = PBXFileReference; lastKnownFileType = sourcecode.c.h; path = xmpp.h; sourceTree = "<group>"; };
		ED6D36B82A862D340016D4FA /* xmpp.c */ = {isa = PBXFileReference; lastKnownFileType = sourcecode.c.c; path = xmpp.c; sourceTree = "<group>"; };
		ED7EEE002A8D34C6007EECC7 /* otr.h */ = {isa = PBXFileReference; lastKnownFileType = sourcecode.c.h; path = otr.h; sourceTree = "<group>"; };
		ED7EEE012A8D34C6007EECC7 /* otr.c */ = {isa = PBXFileReference; lastKnownFileType = sourcecode.c.c; path = otr.c; sourceTree = "<group>"; };
		ED99C5AA2B45E85B00EB0045 /* LogWindowController.h */ = {isa = PBXFileReference; lastKnownFileType = sourcecode.c.h; path = LogWindowController.h; sourceTree = "<group>"; };
		ED99C5AB2B45E85B00EB0045 /* LogWindowController.m */ = {isa = PBXFileReference; lastKnownFileType = sourcecode.c.objc; path = LogWindowController.m; sourceTree = "<group>"; };
		ED99C5AC2B45E85B00EB0045 /* LogWindowController.xib */ = {isa = PBXFileReference; lastKnownFileType = file.xib; path = LogWindowController.xib; sourceTree = "<group>"; };
		EDC4B8082A88D8260076A0F2 /* ConversationWindowController.h */ = {isa = PBXFileReference; lastKnownFileType = sourcecode.c.h; path = ConversationWindowController.h; sourceTree = "<group>"; };
		EDC4B8092A88D8260076A0F2 /* ConversationWindowController.m */ = {isa = PBXFileReference; lastKnownFileType = sourcecode.c.objc; path = ConversationWindowController.m; sourceTree = "<group>"; };
		EDC4B80D2A89067A0076A0F2 /* ConversationWindowController.xib */ = {isa = PBXFileReference; fileEncoding = 4; lastKnownFileType = file.xib; path = ConversationWindowController.xib; sourceTree = "<group>"; };
/* End PBXFileReference section */

/* Begin PBXFrameworksBuildPhase section */
		ED3156DA2A861FB100D9ADB3 /* Frameworks */ = {
			isa = PBXFrameworksBuildPhase;
			buildActionMask = 2147483647;
			files = (
			);
			runOnlyForDeploymentPostprocessing = 0;
		};
/* End PBXFrameworksBuildPhase section */

/* Begin PBXGroup section */
		ED3156D42A861FB100D9ADB3 = {
			isa = PBXGroup;
			children = (
				ED3156DF2A861FB100D9ADB3 /* IM4 */,
				ED3156DE2A861FB100D9ADB3 /* Products */,
			);
			sourceTree = "<group>";
		};
		ED3156DE2A861FB100D9ADB3 /* Products */ = {
			isa = PBXGroup;
			children = (
				ED3156DD2A861FB100D9ADB3 /* IM4.app */,
			);
			name = Products;
			sourceTree = "<group>";
		};
		ED3156DF2A861FB100D9ADB3 /* IM4 */ = {
			isa = PBXGroup;
			children = (
				ED3156E02A861FB100D9ADB3 /* AppDelegate.h */,
				ED3156E12A861FB100D9ADB3 /* AppDelegate.m */,
				ED3156E32A861FB200D9ADB3 /* Assets.xcassets */,
				ED3156E52A861FB200D9ADB3 /* MainMenu.xib */,
				ED3156E82A861FB200D9ADB3 /* main.m */,
				ED3156EA2A861FB200D9ADB3 /* IM4.entitlements */,
				ED6D36B12A86207E0016D4FA /* Contact.h */,
				ED6D36B22A86207E0016D4FA /* Contact.m */,
				ED6D36B42A8623830016D4FA /* OutlineViewController.h */,
				ED6D36B52A8623830016D4FA /* OutlineViewController.m */,
				ED6D36B72A862D340016D4FA /* xmpp.h */,
				ED6D36B82A862D340016D4FA /* xmpp.c */,
				ED403C7C2A8812B700E8CDDB /* app.m */,
				ED403C7E2A8812C400E8CDDB /* app.h */,
				EDC4B8082A88D8260076A0F2 /* ConversationWindowController.h */,
				EDC4B8092A88D8260076A0F2 /* ConversationWindowController.m */,
				EDC4B80D2A89067A0076A0F2 /* ConversationWindowController.xib */,
				ED7EEE002A8D34C6007EECC7 /* otr.h */,
				ED7EEE012A8D34C6007EECC7 /* otr.c */,
				ED2117232A9B64250059C02C /* SettingsController.h */,
				ED2117242A9B64250059C02C /* SettingsController.m */,
				ED2117252A9B64250059C02C /* SettingsController.xib */,
				ED99C5AA2B45E85B00EB0045 /* LogWindowController.h */,
				ED99C5AB2B45E85B00EB0045 /* LogWindowController.m */,
				ED99C5AC2B45E85B00EB0045 /* LogWindowController.xib */,
			);
			path = IM4;
			sourceTree = "<group>";
		};
/* End PBXGroup section */

/* Begin PBXNativeTarget section */
		ED3156DC2A861FB100D9ADB3 /* IM4 */ = {
			isa = PBXNativeTarget;
			buildConfigurationList = ED3156ED2A861FB200D9ADB3 /* Build configuration list for PBXNativeTarget "IM4" */;
			buildPhases = (
				ED3156D92A861FB100D9ADB3 /* Sources */,
				ED3156DA2A861FB100D9ADB3 /* Frameworks */,
				ED3156DB2A861FB100D9ADB3 /* Resources */,
			);
			buildRules = (
			);
			dependencies = (
			);
			name = IM4;
			productName = IM4;
			productReference = ED3156DD2A861FB100D9ADB3 /* IM4.app */;
			productType = "com.apple.product-type.application";
		};
/* End PBXNativeTarget section */

/* Begin PBXProject section */
		ED3156D52A861FB100D9ADB3 /* Project object */ = {
			isa = PBXProject;
			attributes = {
				BuildIndependentTargetsInParallel = 1;
				LastUpgradeCheck = 1420;
				TargetAttributes = {
					ED3156DC2A861FB100D9ADB3 = {
						CreatedOnToolsVersion = 14.2;
					};
				};
			};
			buildConfigurationList = ED3156D82A861FB100D9ADB3 /* Build configuration list for PBXProject "IM4" */;
			compatibilityVersion = "Xcode 14.0";
			developmentRegion = en;
			hasScannedForEncodings = 0;
			knownRegions = (
				en,
				Base,
			);
			mainGroup = ED3156D42A861FB100D9ADB3;
			productRefGroup = ED3156DE2A861FB100D9ADB3 /* Products */;
			projectDirPath = "";
			projectRoot = "";
			targets = (
				ED3156DC2A861FB100D9ADB3 /* IM4 */,
			);
		};
/* End PBXProject section */

/* Begin PBXResourcesBuildPhase section */
		ED3156DB2A861FB100D9ADB3 /* Resources */ = {
			isa = PBXResourcesBuildPhase;
			buildActionMask = 2147483647;
			files = (
				ED2117272A9B64250059C02C /* SettingsController.xib in Resources */,
				EDC4B80E2A89067A0076A0F2 /* ConversationWindowController.xib in Resources */,
				ED3156E42A861FB200D9ADB3 /* Assets.xcassets in Resources */,
				ED99C5AE2B45E85B00EB0045 /* LogWindowController.xib in Resources */,
				ED3156E72A861FB200D9ADB3 /* MainMenu.xib in Resources */,
			);
			runOnlyForDeploymentPostprocessing = 0;
		};
/* End PBXResourcesBuildPhase section */

/* Begin PBXSourcesBuildPhase section */
		ED3156D92A861FB100D9ADB3 /* Sources */ = {
			isa = PBXSourcesBuildPhase;
			buildActionMask = 2147483647;
			files = (
				ED6D36B92A862D340016D4FA /* xmpp.c in Sources */,
				ED3156E92A861FB200D9ADB3 /* main.m in Sources */,
				ED6D36B62A8623830016D4FA /* OutlineViewController.m in Sources */,
				ED2117262A9B64250059C02C /* SettingsController.m in Sources */,
				ED7EEE022A8D34C6007EECC7 /* otr.c in Sources */,
				ED403C7D2A8812B700E8CDDB /* app.m in Sources */,
				ED99C5AD2B45E85B00EB0045 /* LogWindowController.m in Sources */,
				ED6D36B32A86207E0016D4FA /* Contact.m in Sources */,
				ED3156E22A861FB100D9ADB3 /* AppDelegate.m in Sources */,
				EDC4B80B2A88D8260076A0F2 /* ConversationWindowController.m in Sources */,
			);
			runOnlyForDeploymentPostprocessing = 0;
		};
/* End PBXSourcesBuildPhase section */

/* Begin PBXVariantGroup section */
		ED3156E52A861FB200D9ADB3 /* MainMenu.xib */ = {
			isa = PBXVariantGroup;
			children = (
				ED3156E62A861FB200D9ADB3 /* Base */,
			);
			name = MainMenu.xib;
			sourceTree = "<group>";
		};
/* End PBXVariantGroup section */

/* Begin XCBuildConfiguration section */
		ED3156EB2A861FB200D9ADB3 /* Debug */ = {
			isa = XCBuildConfiguration;
			buildSettings = {
				ALWAYS_SEARCH_USER_PATHS = NO;
				CLANG_ANALYZER_NONNULL = YES;
				CLANG_ANALYZER_NUMBER_OBJECT_CONVERSION = YES_AGGRESSIVE;
				CLANG_CXX_LANGUAGE_STANDARD = "gnu++20";
				CLANG_ENABLE_MODULES = YES;
				CLANG_ENABLE_OBJC_ARC = YES;
				CLANG_ENABLE_OBJC_WEAK = YES;
				CLANG_WARN_BLOCK_CAPTURE_AUTORELEASING = YES;
				CLANG_WARN_BOOL_CONVERSION = YES;
				CLANG_WARN_COMMA = YES;
				CLANG_WARN_CONSTANT_CONVERSION = YES;
				CLANG_WARN_DEPRECATED_OBJC_IMPLEMENTATIONS = YES;
				CLANG_WARN_DIRECT_OBJC_ISA_USAGE = YES_ERROR;
				CLANG_WARN_DOCUMENTATION_COMMENTS = YES;
				CLANG_WARN_EMPTY_BODY = YES;
				CLANG_WARN_ENUM_CONVERSION = YES;
				CLANG_WARN_INFINITE_RECURSION = YES;
				CLANG_WARN_INT_CONVERSION = YES;
				CLANG_WARN_NON_LITERAL_NULL_CONVERSION = YES;
				CLANG_WARN_OBJC_IMPLICIT_RETAIN_SELF = YES;
				CLANG_WARN_OBJC_LITERAL_CONVERSION = YES;
				CLANG_WARN_OBJC_ROOT_CLASS = YES_ERROR;
				CLANG_WARN_QUOTED_INCLUDE_IN_FRAMEWORK_HEADER = YES;
				CLANG_WARN_RANGE_LOOP_ANALYSIS = YES;
				CLANG_WARN_STRICT_PROTOTYPES = YES;
				CLANG_WARN_SUSPICIOUS_MOVE = YES;
				CLANG_WARN_UNGUARDED_AVAILABILITY = YES_AGGRESSIVE;
				CLANG_WARN_UNREACHABLE_CODE = YES;
				CLANG_WARN__DUPLICATE_METHOD_MATCH = YES;
				COPY_PHASE_STRIP = NO;
				DEBUG_INFORMATION_FORMAT = dwarf;
				ENABLE_STRICT_OBJC_MSGSEND = YES;
				ENABLE_TESTABILITY = YES;
				GCC_C_LANGUAGE_STANDARD = gnu11;
				GCC_DYNAMIC_NO_PIC = NO;
				GCC_NO_COMMON_BLOCKS = YES;
				GCC_OPTIMIZATION_LEVEL = 0;
				GCC_PREPROCESSOR_DEFINITIONS = (
					"DEBUG=1",
					"$(inherited)",
				);
				GCC_WARN_64_TO_32_BIT_CONVERSION = YES;
				GCC_WARN_ABOUT_RETURN_TYPE = YES_ERROR;
				GCC_WARN_UNDECLARED_SELECTOR = YES;
				GCC_WARN_UNINITIALIZED_AUTOS = YES_AGGRESSIVE;
				GCC_WARN_UNUSED_FUNCTION = YES;
				GCC_WARN_UNUSED_VARIABLE = YES;
				MACOSX_DEPLOYMENT_TARGET = 13.1;
				MTL_ENABLE_DEBUG_INFO = INCLUDE_SOURCE;
				MTL_FAST_MATH = YES;
				ONLY_ACTIVE_ARCH = YES;
				SDKROOT = macosx;
			};
			name = Debug;
		};
		ED3156EC2A861FB200D9ADB3 /* Release */ = {
			isa = XCBuildConfiguration;
			buildSettings = {
				ALWAYS_SEARCH_USER_PATHS = NO;
				CLANG_ANALYZER_NONNULL = YES;
				CLANG_ANALYZER_NUMBER_OBJECT_CONVERSION = YES_AGGRESSIVE;
				CLANG_CXX_LANGUAGE_STANDARD = "gnu++20";
				CLANG_ENABLE_MODULES = YES;
				CLANG_ENABLE_OBJC_ARC = YES;
				CLANG_ENABLE_OBJC_WEAK = YES;
				CLANG_WARN_BLOCK_CAPTURE_AUTORELEASING = YES;
				CLANG_WARN_BOOL_CONVERSION = YES;
				CLANG_WARN_COMMA = YES;
				CLANG_WARN_CONSTANT_CONVERSION = YES;
				CLANG_WARN_DEPRECATED_OBJC_IMPLEMENTATIONS = YES;
				CLANG_WARN_DIRECT_OBJC_ISA_USAGE = YES_ERROR;
				CLANG_WARN_DOCUMENTATION_COMMENTS = YES;
				CLANG_WARN_EMPTY_BODY = YES;
				CLANG_WARN_ENUM_CONVERSION = YES;
				CLANG_WARN_INFINITE_RECURSION = YES;
				CLANG_WARN_INT_CONVERSION = YES;
				CLANG_WARN_NON_LITERAL_NULL_CONVERSION = YES;
				CLANG_WARN_OBJC_IMPLICIT_RETAIN_SELF = YES;
				CLANG_WARN_OBJC_LITERAL_CONVERSION = YES;
				CLANG_WARN_OBJC_ROOT_CLASS = YES_ERROR;
				CLANG_WARN_QUOTED_INCLUDE_IN_FRAMEWORK_HEADER = YES;
				CLANG_WARN_RANGE_LOOP_ANALYSIS = YES;
				CLANG_WARN_STRICT_PROTOTYPES = YES;
				CLANG_WARN_SUSPICIOUS_MOVE = YES;
				CLANG_WARN_UNGUARDED_AVAILABILITY = YES_AGGRESSIVE;
				CLANG_WARN_UNREACHABLE_CODE = YES;
				CLANG_WARN__DUPLICATE_METHOD_MATCH = YES;
				COPY_PHASE_STRIP = NO;
				DEBUG_INFORMATION_FORMAT = "dwarf-with-dsym";
				ENABLE_NS_ASSERTIONS = NO;
				ENABLE_STRICT_OBJC_MSGSEND = YES;
				GCC_C_LANGUAGE_STANDARD = gnu11;
				GCC_NO_COMMON_BLOCKS = YES;
				GCC_WARN_64_TO_32_BIT_CONVERSION = YES;
				GCC_WARN_ABOUT_RETURN_TYPE = YES_ERROR;
				GCC_WARN_UNDECLARED_SELECTOR = YES;
				GCC_WARN_UNINITIALIZED_AUTOS = YES_AGGRESSIVE;
				GCC_WARN_UNUSED_FUNCTION = YES;
				GCC_WARN_UNUSED_VARIABLE = YES;
				MACOSX_DEPLOYMENT_TARGET = 13.1;
				MTL_ENABLE_DEBUG_INFO = NO;
				MTL_FAST_MATH = YES;
				SDKROOT = macosx;
			};
			name = Release;
		};
		ED3156EE2A861FB200D9ADB3 /* Debug */ = {
			isa = XCBuildConfiguration;
			buildSettings = {
				ASSETCATALOG_COMPILER_APPICON_NAME = AppIcon;
				ASSETCATALOG_COMPILER_GLOBAL_ACCENT_COLOR_NAME = AccentColor;
				ASSETCATALOG_COMPILER_INCLUDE_ALL_APPICON_ASSETS = YES;
				CODE_SIGN_ENTITLEMENTS = IM4/IM4.entitlements;
				CODE_SIGN_STYLE = Automatic;
				COMBINE_HIDPI_IMAGES = YES;
				CURRENT_PROJECT_VERSION = 1;
				GENERATE_INFOPLIST_FILE = YES;
				HEADER_SEARCH_PATHS = dep/install/include;
				INFOPLIST_KEY_NSHumanReadableCopyright = "";
				INFOPLIST_KEY_NSMainNibFile = MainMenu;
				INFOPLIST_KEY_NSPrincipalClass = NSApplication;
				LD_RUNPATH_SEARCH_PATHS = (
					"$(inherited)",
					"@executable_path/lib",
				);
				LIBRARY_SEARCH_PATHS = dep/install/lib;
				MARKETING_VERSION = 1.0;
				OTHER_LDFLAGS = (
					"-lotr",
					"-lstrophe",
				);
				PRODUCT_BUNDLE_IDENTIFIER = de.unixwork.IM4;
				PRODUCT_NAME = "$(TARGET_NAME)";
				SWIFT_EMIT_LOC_STRINGS = YES;
			};
			name = Debug;
		};
		ED3156EF2A861FB200D9ADB3 /* Release */ = {
			isa = XCBuildConfiguration;
			buildSettings = {
				ASSETCATALOG_COMPILER_APPICON_NAME = AppIcon;
				ASSETCATALOG_COMPILER_GLOBAL_ACCENT_COLOR_NAME = AccentColor;
				ASSETCATALOG_COMPILER_INCLUDE_ALL_APPICON_ASSETS = YES;
				CODE_SIGN_ENTITLEMENTS = IM4/IM4.entitlements;
				CODE_SIGN_STYLE = Automatic;
				COMBINE_HIDPI_IMAGES = YES;
				CURRENT_PROJECT_VERSION = 1;
				GENERATE_INFOPLIST_FILE = YES;
				HEADER_SEARCH_PATHS = dep/install/include;
				INFOPLIST_KEY_NSHumanReadableCopyright = "";
				INFOPLIST_KEY_NSMainNibFile = MainMenu;
				INFOPLIST_KEY_NSPrincipalClass = NSApplication;
				LD_RUNPATH_SEARCH_PATHS = (
					"$(inherited)",
					"@executable_path/lib",
				);
				LIBRARY_SEARCH_PATHS = dep/install/lib;
				MARKETING_VERSION = 1.0;
				OTHER_LDFLAGS = (
					"-lotr",
					"-lstrophe",
				);
				PRODUCT_BUNDLE_IDENTIFIER = de.unixwork.IM4;
				PRODUCT_NAME = "$(TARGET_NAME)";
				SWIFT_EMIT_LOC_STRINGS = YES;
			};
			name = Release;
		};
/* End XCBuildConfiguration section */

/* Begin XCConfigurationList section */
		ED3156D82A861FB100D9ADB3 /* Build configuration list for PBXProject "IM4" */ = {
			isa = XCConfigurationList;
			buildConfigurations = (
				ED3156EB2A861FB200D9ADB3 /* Debug */,
				ED3156EC2A861FB200D9ADB3 /* Release */,
			);
			defaultConfigurationIsVisible = 0;
			defaultConfigurationName = Release;
		};
		ED3156ED2A861FB200D9ADB3 /* Build configuration list for PBXNativeTarget "IM4" */ = {
			isa = XCConfigurationList;
			buildConfigurations = (
				ED3156EE2A861FB200D9ADB3 /* Debug */,
				ED3156EF2A861FB200D9ADB3 /* Release */,
			);
			defaultConfigurationIsVisible = 0;
			defaultConfigurationName = Release;
		};
/* End XCConfigurationList section */
	};
	rootObject = ED3156D52A861FB100D9ADB3 /* Project object */;
}
